// !$*UTF8*$!
{
	archiveVersion = 1;
	classes = {
	};
	objectVersion = 46;
	objects = {

/* Begin PBXBuildFile section */
		190EBFA21CE5550A00B26E00 /* TaxCodeView.swift in Sources */ = {isa = PBXBuildFile; fileRef = 190EBFA11CE5550A00B26E00 /* TaxCodeView.swift */; };
		1918D0471CFFDAC600168AA6 /* PurchasesTransactionsHeaderView.swift in Sources */ = {isa = PBXBuildFile; fileRef = 1918D0461CFFDAC600168AA6 /* PurchasesTransactionsHeaderView.swift */; };
		195AD4A81CB35DAF002F2DD7 /* TabBarViewController.swift in Sources */ = {isa = PBXBuildFile; fileRef = 195AD4A71CB35DAF002F2DD7 /* TabBarViewController.swift */; };
		195AD4AA1CB35DE4002F2DD7 /* PurchaseViewController.swift in Sources */ = {isa = PBXBuildFile; fileRef = 195AD4A91CB35DE4002F2DD7 /* PurchaseViewController.swift */; };
		19691E8F1C9F8AE200E009A7 /* Q6Protocol.swift in Sources */ = {isa = PBXBuildFile; fileRef = 19691E8E1C9F8AE200E009A7 /* Q6Protocol.swift */; };
		197D2ACF1CFE9BB800E03BEB /* JSON.swift in Sources */ = {isa = PBXBuildFile; fileRef = 197D2ACE1CFE9BB800E03BEB /* JSON.swift */; };
		198BD7B51CC9AEAE00C81C22 /* PurchaseTableViewCell.swift in Sources */ = {isa = PBXBuildFile; fileRef = 198BD7B41CC9AEAE00C81C22 /* PurchaseTableViewCell.swift */; };
		198BD7DB1CC9F58700C81C22 /* PurchasesTransactionsListView.swift in Sources */ = {isa = PBXBuildFile; fileRef = 198BD7DA1CC9F58700C81C22 /* PurchasesTransactionsListView.swift */; };
		199F0CD31CA0BE0C00301EC4 /* LoginViewController.swift in Sources */ = {isa = PBXBuildFile; fileRef = 199F0CD21CA0BE0C00301EC4 /* LoginViewController.swift */; };
		19A9B7811CF688FA00071958 /* PurchaseDetailDataLineInventorySearchTableViewCell.swift in Sources */ = {isa = PBXBuildFile; fileRef = 19A9B7801CF688FA00071958 /* PurchaseDetailDataLineInventorySearchTableViewCell.swift */; };
		19A9B7831CF6B1CC00071958 /* ShippingAddress.swift in Sources */ = {isa = PBXBuildFile; fileRef = 19A9B7821CF6B1CC00071958 /* ShippingAddress.swift */; };
		19A9B7851CF6B75D00071958 /* Q6Struct.swift in Sources */ = {isa = PBXBuildFile; fileRef = 19A9B7841CF6B75D00071958 /* Q6Struct.swift */; };
		19AC96101CEA909B00A9216E /* PurchaseDetailDataLineTaxCodeSearchViewController.swift in Sources */ = {isa = PBXBuildFile; fileRef = 19AC960F1CEA909B00A9216E /* PurchaseDetailDataLineTaxCodeSearchViewController.swift */; };
		19AC96121CEA90C400A9216E /* PurchaseDetailDataLineTaxCodeSearchTableViewCell.swift in Sources */ = {isa = PBXBuildFile; fileRef = 19AC96111CEA90C400A9216E /* PurchaseDetailDataLineTaxCodeSearchTableViewCell.swift */; };
		19AD97271CED549B0079DF52 /* PurchaseDetailDataLineAccountSearchTableViewCell.swift in Sources */ = {isa = PBXBuildFile; fileRef = 19AD97261CED549B0079DF52 /* PurchaseDetailDataLineAccountSearchTableViewCell.swift */; };
		19B2B33D1CF7C83000BF53A9 /* PurchaseDetailMemoViewController.swift in Sources */ = {isa = PBXBuildFile; fileRef = 19B2B33C1CF7C83000BF53A9 /* PurchaseDetailMemoViewController.swift */; };
		19B87D571CDAFF580048AAFB /* Supplier.swift in Sources */ = {isa = PBXBuildFile; fileRef = 19B87D561CDAFF580048AAFB /* Supplier.swift */; };
		19B87D591CDB02120048AAFB /* ContactSearchViewController.swift in Sources */ = {isa = PBXBuildFile; fileRef = 19B87D581CDB02120048AAFB /* ContactSearchViewController.swift */; };
		19B87D5B1CDB0C3A0048AAFB /* ContactSearchTableViewCell.swift in Sources */ = {isa = PBXBuildFile; fileRef = 19B87D5A1CDB0C3A0048AAFB /* ContactSearchTableViewCell.swift */; };
		19BB92F31CF538DA00633CCD /* AddImageViewController.swift in Sources */ = {isa = PBXBuildFile; fileRef = 19BB92F21CF538DA00633CCD /* AddImageViewController.swift */; };
		19BD3B9A1CE93B9500245B85 /* PurchaseDetailDataLineDescriptionViewController.swift in Sources */ = {isa = PBXBuildFile; fileRef = 19BD3B991CE93B9500245B85 /* PurchaseDetailDataLineDescriptionViewController.swift */; };
		19C4E00F1D08ED2D005B216C /* SalesTransactionsListView.swift in Sources */ = {isa = PBXBuildFile; fileRef = 19C4E00E1D08ED2D005B216C /* SalesTransactionsListView.swift */; };
		19C4E0111D08FD73005B216C /* SaleTableViewCell.swift in Sources */ = {isa = PBXBuildFile; fileRef = 19C4E0101D08FD73005B216C /* SaleTableViewCell.swift */; };
		19C4FC8F1CD86BD4004A1449 /* PurchaseDetailTableViewCell.swift in Sources */ = {isa = PBXBuildFile; fileRef = 19C4FC8E1CD86BD4004A1449 /* PurchaseDetailTableViewCell.swift */; };
		19C9083E1CE3F6E300A828A3 /* PurchasesTransactionsDetailView.swift in Sources */ = {isa = PBXBuildFile; fileRef = 19C9083D1CE3F6E300A828A3 /* PurchasesTransactionsDetailView.swift */; };
		19C908401CE3FBD800A828A3 /* PreLoadInventoryPurchase.swift in Sources */ = {isa = PBXBuildFile; fileRef = 19C9083F1CE3FBD800A828A3 /* PreLoadInventoryPurchase.swift */; };
		19C908421CE4014A00A828A3 /* PurchaseDetailDataLineInventorySearchViewController.swift in Sources */ = {isa = PBXBuildFile; fileRef = 19C908411CE4014A00A828A3 /* PurchaseDetailDataLineInventorySearchViewController.swift */; };
		19C908461CE443A400A828A3 /* InventoryView.swift in Sources */ = {isa = PBXBuildFile; fileRef = 19C908451CE443A400A828A3 /* InventoryView.swift */; };
		19C908481CE44E0900A828A3 /* AccountView.swift in Sources */ = {isa = PBXBuildFile; fileRef = 19C908471CE44E0900A828A3 /* AccountView.swift */; };
		19D009E31D07D29300217C6A /* SalesViewController.swift in Sources */ = {isa = PBXBuildFile; fileRef = 19D009E21D07D29300217C6A /* SalesViewController.swift */; };
		19D009E81D07D88300217C6A /* Sales.storyboard in Resources */ = {isa = PBXBuildFile; fileRef = 19D009E61D07D88300217C6A /* Sales.storyboard */; };
		19D0C64A1CD7230E0055093C /* PurchasesTransactionsHeader.swift in Sources */ = {isa = PBXBuildFile; fileRef = 19D0C6491CD7230E0055093C /* PurchasesTransactionsHeader.swift */; };
		19D0C64C1CD7256A0055093C /* PurchasesTransactionsDetail.swift in Sources */ = {isa = PBXBuildFile; fileRef = 19D0C64B1CD7256A0055093C /* PurchasesTransactionsDetail.swift */; };
		19D2CA3F1CE16D6800A8AAE0 /* DatePickerViewController.swift in Sources */ = {isa = PBXBuildFile; fileRef = 19D2CA3E1CE16D6800A8AAE0 /* DatePickerViewController.swift */; };
		19DA2C8C1D0A2D5C008AF282 /* SaleDetailViewController.swift in Sources */ = {isa = PBXBuildFile; fileRef = 19DA2C8B1D0A2D5C008AF282 /* SaleDetailViewController.swift */; };
		19DA2C8E1D0A2F85008AF282 /* SalesTransactionsHeader.swift in Sources */ = {isa = PBXBuildFile; fileRef = 19DA2C8D1D0A2F85008AF282 /* SalesTransactionsHeader.swift */; };
		19DA2C901D0A31A0008AF282 /* SalesTransactionDetail.swift in Sources */ = {isa = PBXBuildFile; fileRef = 19DA2C8F1D0A31A0008AF282 /* SalesTransactionDetail.swift */; };
		19DA2C921D0A32B5008AF282 /* Customer.swift in Sources */ = {isa = PBXBuildFile; fileRef = 19DA2C911D0A32B5008AF282 /* Customer.swift */; };
		19DA2C941D0A3635008AF282 /* SalesTransactionsDetailView.swift in Sources */ = {isa = PBXBuildFile; fileRef = 19DA2C931D0A3635008AF282 /* SalesTransactionsDetailView.swift */; };
		19DA2C961D0A37E2008AF282 /* SaleDetailTableViewCell.swift in Sources */ = {isa = PBXBuildFile; fileRef = 19DA2C951D0A37E2008AF282 /* SaleDetailTableViewCell.swift */; };
		19DA2C991D0A4E03008AF282 /* SaleDetailDataLineViewController.swift in Sources */ = {isa = PBXBuildFile; fileRef = 19DA2C981D0A4E03008AF282 /* SaleDetailDataLineViewController.swift */; };
		19DA2C9B1D0A4E94008AF282 /* SalesTransactionsHeaderView.swift in Sources */ = {isa = PBXBuildFile; fileRef = 19DA2C9A1D0A4E94008AF282 /* SalesTransactionsHeaderView.swift */; };
		19DA2C9D1D0A4FF0008AF282 /* SaleDetailMemoViewController.swift in Sources */ = {isa = PBXBuildFile; fileRef = 19DA2C9C1D0A4FF0008AF282 /* SaleDetailMemoViewController.swift */; };
		19DDD7B31CB7701900FC32A5 /* Main.storyboard in Resources */ = {isa = PBXBuildFile; fileRef = 19DDD7B11CB7701900FC32A5 /* Main.storyboard */; };
		19DE52DB1CEC21170050A62D /* PurchaseDetailDataLineAccountSearchViewController.swift in Sources */ = {isa = PBXBuildFile; fileRef = 19DE52DA1CEC21170050A62D /* PurchaseDetailDataLineAccountSearchViewController.swift */; };
		19DE52DD1CEC2C0B0050A62D /* ScreenSectionSortDetailForAccount.swift in Sources */ = {isa = PBXBuildFile; fileRef = 19DE52DC1CEC2C0B0050A62D /* ScreenSectionSortDetailForAccount.swift */; };
		19DF1C3E1CE2A7C400908A32 /* PurchaseDetailDataLineViewController.swift in Sources */ = {isa = PBXBuildFile; fileRef = 19DF1C3D1CE2A7C400908A32 /* PurchaseDetailDataLineViewController.swift */; };
		19DF1C401CE2AA2400908A32 /* PurchaseDetailDataLineTableViewCell.swift in Sources */ = {isa = PBXBuildFile; fileRef = 19DF1C3F1CE2AA2400908A32 /* PurchaseDetailDataLineTableViewCell.swift */; };
		19DF1C411CE2AE2300908A32 /* PurchaseDetailViewController.swift in Sources */ = {isa = PBXBuildFile; fileRef = 19C4FC8C1CD84DE1004A1449 /* PurchaseDetailViewController.swift */; };
		19DF32A81CD96AB800730FC5 /* ScreenSortLinesDetail.swift in Sources */ = {isa = PBXBuildFile; fileRef = 19DF32A71CD96AB800730FC5 /* ScreenSortLinesDetail.swift */; };
		19DF32AA1CD9806000730FC5 /* PickerViewViewController.swift in Sources */ = {isa = PBXBuildFile; fileRef = 19DF32A91CD9806000730FC5 /* PickerViewViewController.swift */; };
		19DF32AC1CD9B32B00730FC5 /* SegueFromRight.swift in Sources */ = {isa = PBXBuildFile; fileRef = 19DF32AB1CD9B32B00730FC5 /* SegueFromRight.swift */; };
		19F9B5341CB1DC3400571B9D /* libsqlite3.tbd in Frameworks */ = {isa = PBXBuildFile; fileRef = 19F9B5331CB1DC3400571B9D /* libsqlite3.tbd */; };
		19F9B5651CB1DF0700571B9D /* FMDatabase.m in Sources */ = {isa = PBXBuildFile; fileRef = 19F9B55B1CB1DF0700571B9D /* FMDatabase.m */; };
		19F9B5661CB1DF0700571B9D /* FMResultSet.m in Sources */ = {isa = PBXBuildFile; fileRef = 19F9B55D1CB1DF0700571B9D /* FMResultSet.m */; };
		19F9B5671CB1DF0700571B9D /* FMDatabaseQueue.m in Sources */ = {isa = PBXBuildFile; fileRef = 19F9B55F1CB1DF0700571B9D /* FMDatabaseQueue.m */; };
		19F9B5681CB1DF0700571B9D /* FMDatabaseAdditions.m in Sources */ = {isa = PBXBuildFile; fileRef = 19F9B5611CB1DF0700571B9D /* FMDatabaseAdditions.m */; };
		19F9B5691CB1DF0700571B9D /* FMDatabasePool.m in Sources */ = {isa = PBXBuildFile; fileRef = 19F9B5631CB1DF0700571B9D /* FMDatabasePool.m */; };
		19F9B56A1CB1DF0700571B9D /* Info.plist in Resources */ = {isa = PBXBuildFile; fileRef = 19F9B5641CB1DF0700571B9D /* Info.plist */; };
		19F9B56C1CB1E08500571B9D /* Q6DBLib.swift in Sources */ = {isa = PBXBuildFile; fileRef = 19F9B56B1CB1E08500571B9D /* Q6DBLib.swift */; };
		19F9B5741CB21D7600571B9D /* PassCodeViewController.swift in Sources */ = {isa = PBXBuildFile; fileRef = 19F9B5731CB21D7600571B9D /* PassCodeViewController.swift */; };
		19F9B5761CB227FF00571B9D /* Q6Extension.swift in Sources */ = {isa = PBXBuildFile; fileRef = 19F9B5751CB227FF00571B9D /* Q6Extension.swift */; };
		19FD13261C9A134800E5C445 /* AppDelegate.swift in Sources */ = {isa = PBXBuildFile; fileRef = 19FD13251C9A134800E5C445 /* AppDelegate.swift */; };
		19FD132F1C9A134800E5C445 /* Assets.xcassets in Resources */ = {isa = PBXBuildFile; fileRef = 19FD132E1C9A134800E5C445 /* Assets.xcassets */; };
		19FD13321C9A134800E5C445 /* LaunchScreen.storyboard in Resources */ = {isa = PBXBuildFile; fileRef = 19FD13301C9A134800E5C445 /* LaunchScreen.storyboard */; };
		19FD133B1C9A186300E5C445 /* Q6CommonLib.swift in Sources */ = {isa = PBXBuildFile; fileRef = 19FD133A1C9A186300E5C445 /* Q6CommonLib.swift */; };
		19FD133E1C9A4D0A00E5C445 /* InternalUserLoginParameter.swift in Sources */ = {isa = PBXBuildFile; fileRef = 19FD133D1C9A4D0A00E5C445 /* InternalUserLoginParameter.swift */; };
/* End PBXBuildFile section */

/* Begin PBXFileReference section */
		190EBFA11CE5550A00B26E00 /* TaxCodeView.swift */ = {isa = PBXFileReference; fileEncoding = 4; lastKnownFileType = sourcecode.swift; path = TaxCodeView.swift; sourceTree = "<group>"; };
		1918D0461CFFDAC600168AA6 /* PurchasesTransactionsHeaderView.swift */ = {isa = PBXFileReference; fileEncoding = 4; lastKnownFileType = sourcecode.swift; path = PurchasesTransactionsHeaderView.swift; sourceTree = "<group>"; };
		195AD4A71CB35DAF002F2DD7 /* TabBarViewController.swift */ = {isa = PBXFileReference; fileEncoding = 4; lastKnownFileType = sourcecode.swift; path = TabBarViewController.swift; sourceTree = "<group>"; };
		195AD4A91CB35DE4002F2DD7 /* PurchaseViewController.swift */ = {isa = PBXFileReference; fileEncoding = 4; lastKnownFileType = sourcecode.swift; path = PurchaseViewController.swift; sourceTree = "<group>"; };
		19691E8E1C9F8AE200E009A7 /* Q6Protocol.swift */ = {isa = PBXFileReference; fileEncoding = 4; lastKnownFileType = sourcecode.swift; path = Q6Protocol.swift; sourceTree = "<group>"; };
		197398171CA1004D0079332D /* Q6IosClient-Bridging-Header.h */ = {isa = PBXFileReference; lastKnownFileType = sourcecode.c.h; path = "Q6IosClient-Bridging-Header.h"; sourceTree = "<group>"; };
		197D2ACE1CFE9BB800E03BEB /* JSON.swift */ = {isa = PBXFileReference; fileEncoding = 4; lastKnownFileType = sourcecode.swift; path = JSON.swift; sourceTree = "<group>"; };
		198BD7B41CC9AEAE00C81C22 /* PurchaseTableViewCell.swift */ = {isa = PBXFileReference; fileEncoding = 4; lastKnownFileType = sourcecode.swift; path = PurchaseTableViewCell.swift; sourceTree = "<group>"; };
		198BD7DA1CC9F58700C81C22 /* PurchasesTransactionsListView.swift */ = {isa = PBXFileReference; fileEncoding = 4; lastKnownFileType = sourcecode.swift; path = PurchasesTransactionsListView.swift; sourceTree = "<group>"; };
		199F0CD21CA0BE0C00301EC4 /* LoginViewController.swift */ = {isa = PBXFileReference; fileEncoding = 4; lastKnownFileType = sourcecode.swift; path = LoginViewController.swift; sourceTree = "<group>"; };
		19A9B7801CF688FA00071958 /* PurchaseDetailDataLineInventorySearchTableViewCell.swift */ = {isa = PBXFileReference; fileEncoding = 4; lastKnownFileType = sourcecode.swift; path = PurchaseDetailDataLineInventorySearchTableViewCell.swift; sourceTree = "<group>"; };
		19A9B7821CF6B1CC00071958 /* ShippingAddress.swift */ = {isa = PBXFileReference; fileEncoding = 4; lastKnownFileType = sourcecode.swift; path = ShippingAddress.swift; sourceTree = "<group>"; };
		19A9B7841CF6B75D00071958 /* Q6Struct.swift */ = {isa = PBXFileReference; fileEncoding = 4; lastKnownFileType = sourcecode.swift; path = Q6Struct.swift; sourceTree = "<group>"; };
		19AC960F1CEA909B00A9216E /* PurchaseDetailDataLineTaxCodeSearchViewController.swift */ = {isa = PBXFileReference; fileEncoding = 4; lastKnownFileType = sourcecode.swift; path = PurchaseDetailDataLineTaxCodeSearchViewController.swift; sourceTree = "<group>"; };
		19AC96111CEA90C400A9216E /* PurchaseDetailDataLineTaxCodeSearchTableViewCell.swift */ = {isa = PBXFileReference; fileEncoding = 4; lastKnownFileType = sourcecode.swift; path = PurchaseDetailDataLineTaxCodeSearchTableViewCell.swift; sourceTree = "<group>"; };
		19AD97261CED549B0079DF52 /* PurchaseDetailDataLineAccountSearchTableViewCell.swift */ = {isa = PBXFileReference; fileEncoding = 4; lastKnownFileType = sourcecode.swift; path = PurchaseDetailDataLineAccountSearchTableViewCell.swift; sourceTree = "<group>"; };
		19B2B33C1CF7C83000BF53A9 /* PurchaseDetailMemoViewController.swift */ = {isa = PBXFileReference; fileEncoding = 4; lastKnownFileType = sourcecode.swift; path = PurchaseDetailMemoViewController.swift; sourceTree = "<group>"; };
		19B87D561CDAFF580048AAFB /* Supplier.swift */ = {isa = PBXFileReference; fileEncoding = 4; lastKnownFileType = sourcecode.swift; path = Supplier.swift; sourceTree = "<group>"; };
		19B87D581CDB02120048AAFB /* ContactSearchViewController.swift */ = {isa = PBXFileReference; fileEncoding = 4; lastKnownFileType = sourcecode.swift; path = ContactSearchViewController.swift; sourceTree = "<group>"; };
		19B87D5A1CDB0C3A0048AAFB /* ContactSearchTableViewCell.swift */ = {isa = PBXFileReference; fileEncoding = 4; lastKnownFileType = sourcecode.swift; path = ContactSearchTableViewCell.swift; sourceTree = "<group>"; };
		19BB92F21CF538DA00633CCD /* AddImageViewController.swift */ = {isa = PBXFileReference; fileEncoding = 4; lastKnownFileType = sourcecode.swift; path = AddImageViewController.swift; sourceTree = "<group>"; };
		19BD3B991CE93B9500245B85 /* PurchaseDetailDataLineDescriptionViewController.swift */ = {isa = PBXFileReference; fileEncoding = 4; lastKnownFileType = sourcecode.swift; path = PurchaseDetailDataLineDescriptionViewController.swift; sourceTree = "<group>"; };
		19C4E00E1D08ED2D005B216C /* SalesTransactionsListView.swift */ = {isa = PBXFileReference; fileEncoding = 4; lastKnownFileType = sourcecode.swift; path = SalesTransactionsListView.swift; sourceTree = "<group>"; };
		19C4E0101D08FD73005B216C /* SaleTableViewCell.swift */ = {isa = PBXFileReference; fileEncoding = 4; lastKnownFileType = sourcecode.swift; path = SaleTableViewCell.swift; sourceTree = "<group>"; };
		19C4FC8C1CD84DE1004A1449 /* PurchaseDetailViewController.swift */ = {isa = PBXFileReference; fileEncoding = 4; lastKnownFileType = sourcecode.swift; path = PurchaseDetailViewController.swift; sourceTree = "<group>"; };
		19C4FC8E1CD86BD4004A1449 /* PurchaseDetailTableViewCell.swift */ = {isa = PBXFileReference; fileEncoding = 4; lastKnownFileType = sourcecode.swift; path = PurchaseDetailTableViewCell.swift; sourceTree = "<group>"; };
		19C9083D1CE3F6E300A828A3 /* PurchasesTransactionsDetailView.swift */ = {isa = PBXFileReference; fileEncoding = 4; lastKnownFileType = sourcecode.swift; path = PurchasesTransactionsDetailView.swift; sourceTree = "<group>"; };
		19C9083F1CE3FBD800A828A3 /* PreLoadInventoryPurchase.swift */ = {isa = PBXFileReference; fileEncoding = 4; lastKnownFileType = sourcecode.swift; path = PreLoadInventoryPurchase.swift; sourceTree = "<group>"; };
		19C908411CE4014A00A828A3 /* PurchaseDetailDataLineInventorySearchViewController.swift */ = {isa = PBXFileReference; fileEncoding = 4; lastKnownFileType = sourcecode.swift; path = PurchaseDetailDataLineInventorySearchViewController.swift; sourceTree = "<group>"; };
		19C908451CE443A400A828A3 /* InventoryView.swift */ = {isa = PBXFileReference; fileEncoding = 4; lastKnownFileType = sourcecode.swift; path = InventoryView.swift; sourceTree = "<group>"; };
		19C908471CE44E0900A828A3 /* AccountView.swift */ = {isa = PBXFileReference; fileEncoding = 4; lastKnownFileType = sourcecode.swift; path = AccountView.swift; sourceTree = "<group>"; };
		19D009E21D07D29300217C6A /* SalesViewController.swift */ = {isa = PBXFileReference; fileEncoding = 4; lastKnownFileType = sourcecode.swift; path = SalesViewController.swift; sourceTree = "<group>"; };
		19D009E71D07D88300217C6A /* Base */ = {isa = PBXFileReference; lastKnownFileType = file.storyboard; name = Base; path = Base.lproj/Sales.storyboard; sourceTree = "<group>"; };
		19D0C6491CD7230E0055093C /* PurchasesTransactionsHeader.swift */ = {isa = PBXFileReference; fileEncoding = 4; lastKnownFileType = sourcecode.swift; path = PurchasesTransactionsHeader.swift; sourceTree = "<group>"; };
		19D0C64B1CD7256A0055093C /* PurchasesTransactionsDetail.swift */ = {isa = PBXFileReference; fileEncoding = 4; lastKnownFileType = sourcecode.swift; path = PurchasesTransactionsDetail.swift; sourceTree = "<group>"; };
		19D2CA3E1CE16D6800A8AAE0 /* DatePickerViewController.swift */ = {isa = PBXFileReference; fileEncoding = 4; lastKnownFileType = sourcecode.swift; path = DatePickerViewController.swift; sourceTree = "<group>"; };
		19DA2C8B1D0A2D5C008AF282 /* SaleDetailViewController.swift */ = {isa = PBXFileReference; fileEncoding = 4; lastKnownFileType = sourcecode.swift; path = SaleDetailViewController.swift; sourceTree = "<group>"; };
		19DA2C8D1D0A2F85008AF282 /* SalesTransactionsHeader.swift */ = {isa = PBXFileReference; fileEncoding = 4; lastKnownFileType = sourcecode.swift; path = SalesTransactionsHeader.swift; sourceTree = "<group>"; };
		19DA2C8F1D0A31A0008AF282 /* SalesTransactionDetail.swift */ = {isa = PBXFileReference; fileEncoding = 4; lastKnownFileType = sourcecode.swift; path = SalesTransactionDetail.swift; sourceTree = "<group>"; };
		19DA2C911D0A32B5008AF282 /* Customer.swift */ = {isa = PBXFileReference; fileEncoding = 4; lastKnownFileType = sourcecode.swift; path = Customer.swift; sourceTree = "<group>"; };
		19DA2C931D0A3635008AF282 /* SalesTransactionsDetailView.swift */ = {isa = PBXFileReference; fileEncoding = 4; lastKnownFileType = sourcecode.swift; path = SalesTransactionsDetailView.swift; sourceTree = "<group>"; };
		19DA2C951D0A37E2008AF282 /* SaleDetailTableViewCell.swift */ = {isa = PBXFileReference; fileEncoding = 4; lastKnownFileType = sourcecode.swift; path = SaleDetailTableViewCell.swift; sourceTree = "<group>"; };
		19DA2C981D0A4E03008AF282 /* SaleDetailDataLineViewController.swift */ = {isa = PBXFileReference; fileEncoding = 4; lastKnownFileType = sourcecode.swift; path = SaleDetailDataLineViewController.swift; sourceTree = "<group>"; };
		19DA2C9A1D0A4E94008AF282 /* SalesTransactionsHeaderView.swift */ = {isa = PBXFileReference; fileEncoding = 4; lastKnownFileType = sourcecode.swift; path = SalesTransactionsHeaderView.swift; sourceTree = "<group>"; };
		19DA2C9C1D0A4FF0008AF282 /* SaleDetailMemoViewController.swift */ = {isa = PBXFileReference; fileEncoding = 4; lastKnownFileType = sourcecode.swift; path = SaleDetailMemoViewController.swift; sourceTree = "<group>"; };
		19DDD7B21CB7701900FC32A5 /* Base */ = {isa = PBXFileReference; lastKnownFileType = file.storyboard; name = Base; path = Base.lproj/Main.storyboard; sourceTree = "<group>"; };
		19DE52DA1CEC21170050A62D /* PurchaseDetailDataLineAccountSearchViewController.swift */ = {isa = PBXFileReference; fileEncoding = 4; lastKnownFileType = sourcecode.swift; path = PurchaseDetailDataLineAccountSearchViewController.swift; sourceTree = "<group>"; };
		19DE52DC1CEC2C0B0050A62D /* ScreenSectionSortDetailForAccount.swift */ = {isa = PBXFileReference; fileEncoding = 4; lastKnownFileType = sourcecode.swift; path = ScreenSectionSortDetailForAccount.swift; sourceTree = "<group>"; };
		19DF1C3D1CE2A7C400908A32 /* PurchaseDetailDataLineViewController.swift */ = {isa = PBXFileReference; fileEncoding = 4; lastKnownFileType = sourcecode.swift; path = PurchaseDetailDataLineViewController.swift; sourceTree = "<group>"; };
		19DF1C3F1CE2AA2400908A32 /* PurchaseDetailDataLineTableViewCell.swift */ = {isa = PBXFileReference; fileEncoding = 4; lastKnownFileType = sourcecode.swift; path = PurchaseDetailDataLineTableViewCell.swift; sourceTree = "<group>"; };
		19DF32A71CD96AB800730FC5 /* ScreenSortLinesDetail.swift */ = {isa = PBXFileReference; fileEncoding = 4; lastKnownFileType = sourcecode.swift; path = ScreenSortLinesDetail.swift; sourceTree = "<group>"; };
		19DF32A91CD9806000730FC5 /* PickerViewViewController.swift */ = {isa = PBXFileReference; fileEncoding = 4; lastKnownFileType = sourcecode.swift; path = PickerViewViewController.swift; sourceTree = "<group>"; };
		19DF32AB1CD9B32B00730FC5 /* SegueFromRight.swift */ = {isa = PBXFileReference; fileEncoding = 4; lastKnownFileType = sourcecode.swift; path = SegueFromRight.swift; sourceTree = "<group>"; };
		19F9B5331CB1DC3400571B9D /* libsqlite3.tbd */ = {isa = PBXFileReference; lastKnownFileType = "sourcecode.text-based-dylib-definition"; name = libsqlite3.tbd; path = usr/lib/libsqlite3.tbd; sourceTree = SDKROOT; };
		19F9B5591CB1DF0700571B9D /* FMDB.h */ = {isa = PBXFileReference; fileEncoding = 4; lastKnownFileType = sourcecode.c.h; path = FMDB.h; sourceTree = "<group>"; };
		19F9B55A1CB1DF0700571B9D /* FMDatabase.h */ = {isa = PBXFileReference; fileEncoding = 4; lastKnownFileType = sourcecode.c.h; path = FMDatabase.h; sourceTree = "<group>"; };
		19F9B55B1CB1DF0700571B9D /* FMDatabase.m */ = {isa = PBXFileReference; fileEncoding = 4; lastKnownFileType = sourcecode.c.objc; path = FMDatabase.m; sourceTree = "<group>"; };
		19F9B55C1CB1DF0700571B9D /* FMResultSet.h */ = {isa = PBXFileReference; fileEncoding = 4; lastKnownFileType = sourcecode.c.h; path = FMResultSet.h; sourceTree = "<group>"; };
		19F9B55D1CB1DF0700571B9D /* FMResultSet.m */ = {isa = PBXFileReference; fileEncoding = 4; lastKnownFileType = sourcecode.c.objc; path = FMResultSet.m; sourceTree = "<group>"; };
		19F9B55E1CB1DF0700571B9D /* FMDatabaseQueue.h */ = {isa = PBXFileReference; fileEncoding = 4; lastKnownFileType = sourcecode.c.h; path = FMDatabaseQueue.h; sourceTree = "<group>"; };
		19F9B55F1CB1DF0700571B9D /* FMDatabaseQueue.m */ = {isa = PBXFileReference; fileEncoding = 4; lastKnownFileType = sourcecode.c.objc; path = FMDatabaseQueue.m; sourceTree = "<group>"; };
		19F9B5601CB1DF0700571B9D /* FMDatabaseAdditions.h */ = {isa = PBXFileReference; fileEncoding = 4; lastKnownFileType = sourcecode.c.h; path = FMDatabaseAdditions.h; sourceTree = "<group>"; };
		19F9B5611CB1DF0700571B9D /* FMDatabaseAdditions.m */ = {isa = PBXFileReference; fileEncoding = 4; lastKnownFileType = sourcecode.c.objc; path = FMDatabaseAdditions.m; sourceTree = "<group>"; };
		19F9B5621CB1DF0700571B9D /* FMDatabasePool.h */ = {isa = PBXFileReference; fileEncoding = 4; lastKnownFileType = sourcecode.c.h; path = FMDatabasePool.h; sourceTree = "<group>"; };
		19F9B5631CB1DF0700571B9D /* FMDatabasePool.m */ = {isa = PBXFileReference; fileEncoding = 4; lastKnownFileType = sourcecode.c.objc; path = FMDatabasePool.m; sourceTree = "<group>"; };
		19F9B5641CB1DF0700571B9D /* Info.plist */ = {isa = PBXFileReference; fileEncoding = 4; lastKnownFileType = text.plist.xml; path = Info.plist; sourceTree = "<group>"; };
		19F9B56B1CB1E08500571B9D /* Q6DBLib.swift */ = {isa = PBXFileReference; fileEncoding = 4; lastKnownFileType = sourcecode.swift; path = Q6DBLib.swift; sourceTree = "<group>"; };
		19F9B5731CB21D7600571B9D /* PassCodeViewController.swift */ = {isa = PBXFileReference; fileEncoding = 4; lastKnownFileType = sourcecode.swift; name = PassCodeViewController.swift; path = ../PassCodeViewController.swift; sourceTree = "<group>"; };
		19F9B5751CB227FF00571B9D /* Q6Extension.swift */ = {isa = PBXFileReference; fileEncoding = 4; lastKnownFileType = sourcecode.swift; path = Q6Extension.swift; sourceTree = "<group>"; };
		19FD13221C9A134800E5C445 /* Q6IosClient.app */ = {isa = PBXFileReference; explicitFileType = wrapper.application; includeInIndex = 0; path = Q6IosClient.app; sourceTree = BUILT_PRODUCTS_DIR; };
		19FD13251C9A134800E5C445 /* AppDelegate.swift */ = {isa = PBXFileReference; lastKnownFileType = sourcecode.swift; path = AppDelegate.swift; sourceTree = "<group>"; };
		19FD132E1C9A134800E5C445 /* Assets.xcassets */ = {isa = PBXFileReference; lastKnownFileType = folder.assetcatalog; path = Assets.xcassets; sourceTree = "<group>"; };
		19FD13311C9A134800E5C445 /* Base */ = {isa = PBXFileReference; lastKnownFileType = file.storyboard; name = Base; path = Base.lproj/LaunchScreen.storyboard; sourceTree = "<group>"; };
		19FD13331C9A134800E5C445 /* Info.plist */ = {isa = PBXFileReference; lastKnownFileType = text.plist.xml; path = Info.plist; sourceTree = "<group>"; };
		19FD133A1C9A186300E5C445 /* Q6CommonLib.swift */ = {isa = PBXFileReference; fileEncoding = 4; lastKnownFileType = sourcecode.swift; path = Q6CommonLib.swift; sourceTree = "<group>"; };
		19FD133D1C9A4D0A00E5C445 /* InternalUserLoginParameter.swift */ = {isa = PBXFileReference; fileEncoding = 4; lastKnownFileType = sourcecode.swift; path = InternalUserLoginParameter.swift; sourceTree = "<group>"; };
/* End PBXFileReference section */

/* Begin PBXFrameworksBuildPhase section */
		19FD131F1C9A134800E5C445 /* Frameworks */ = {
			isa = PBXFrameworksBuildPhase;
			buildActionMask = 2147483647;
			files = (
				19F9B5341CB1DC3400571B9D /* libsqlite3.tbd in Frameworks */,
			);
			runOnlyForDeploymentPostprocessing = 0;
		};
/* End PBXFrameworksBuildPhase section */

/* Begin PBXGroup section */
		19AC960E1CEA89D100A9216E /* PurchaseDetailDataLine */ = {
			isa = PBXGroup;
			children = (
				19C908411CE4014A00A828A3 /* PurchaseDetailDataLineInventorySearchViewController.swift */,
				19DF1C3F1CE2AA2400908A32 /* PurchaseDetailDataLineTableViewCell.swift */,
				19BD3B991CE93B9500245B85 /* PurchaseDetailDataLineDescriptionViewController.swift */,
				19DF1C3D1CE2A7C400908A32 /* PurchaseDetailDataLineViewController.swift */,
				19AC960F1CEA909B00A9216E /* PurchaseDetailDataLineTaxCodeSearchViewController.swift */,
				19AC96111CEA90C400A9216E /* PurchaseDetailDataLineTaxCodeSearchTableViewCell.swift */,
				19DE52DA1CEC21170050A62D /* PurchaseDetailDataLineAccountSearchViewController.swift */,
				19AD97261CED549B0079DF52 /* PurchaseDetailDataLineAccountSearchTableViewCell.swift */,
				19A9B7801CF688FA00071958 /* PurchaseDetailDataLineInventorySearchTableViewCell.swift */,
			);
			name = PurchaseDetailDataLine;
			sourceTree = "<group>";
		};
		19B87D551CDAFE220048AAFB /* Purchases */ = {
			isa = PBXGroup;
			children = (
				19C4FC8C1CD84DE1004A1449 /* PurchaseDetailViewController.swift */,
				19AC960E1CEA89D100A9216E /* PurchaseDetailDataLine */,
				19C4FC8E1CD86BD4004A1449 /* PurchaseDetailTableViewCell.swift */,
				198BD7B41CC9AEAE00C81C22 /* PurchaseTableViewCell.swift */,
				195AD4A91CB35DE4002F2DD7 /* PurchaseViewController.swift */,
				19BB92F21CF538DA00633CCD /* AddImageViewController.swift */,
				19B2B33C1CF7C83000BF53A9 /* PurchaseDetailMemoViewController.swift */,
			);
			name = Purchases;
			sourceTree = "<group>";
		};
		19C4E00C1D08DC95005B216C /* Purchases */ = {
			isa = PBXGroup;
			children = (
				19B87D561CDAFF580048AAFB /* Supplier.swift */,
				1918D0461CFFDAC600168AA6 /* PurchasesTransactionsHeaderView.swift */,
				198BD7DA1CC9F58700C81C22 /* PurchasesTransactionsListView.swift */,
				19D0C6491CD7230E0055093C /* PurchasesTransactionsHeader.swift */,
				19D0C64B1CD7256A0055093C /* PurchasesTransactionsDetail.swift */,
				19C9083D1CE3F6E300A828A3 /* PurchasesTransactionsDetailView.swift */,
			);
			name = Purchases;
			sourceTree = "<group>";
		};
		19C4E00D1D08DCD2005B216C /* Sales */ = {
			isa = PBXGroup;
			children = (
				19C4E00E1D08ED2D005B216C /* SalesTransactionsListView.swift */,
				19DA2C8D1D0A2F85008AF282 /* SalesTransactionsHeader.swift */,
				19DA2C8F1D0A31A0008AF282 /* SalesTransactionDetail.swift */,
				19DA2C911D0A32B5008AF282 /* Customer.swift */,
				19DA2C931D0A3635008AF282 /* SalesTransactionsDetailView.swift */,
				19DA2C9A1D0A4E94008AF282 /* SalesTransactionsHeaderView.swift */,
			);
			name = Sales;
			sourceTree = "<group>";
		};
		19D009E11D07D21800217C6A /* Sales */ = {
			isa = PBXGroup;
			children = (
				19DA2C9C1D0A4FF0008AF282 /* SaleDetailMemoViewController.swift */,
				19DA2C971D0A4DBB008AF282 /* SaleDetailDataLine */,
				19D009E21D07D29300217C6A /* SalesViewController.swift */,
				19C4E0101D08FD73005B216C /* SaleTableViewCell.swift */,
				19DA2C8B1D0A2D5C008AF282 /* SaleDetailViewController.swift */,
				19DA2C951D0A37E2008AF282 /* SaleDetailTableViewCell.swift */,
			);
			name = Sales;
			sourceTree = "<group>";
		};
		19DA2C971D0A4DBB008AF282 /* SaleDetailDataLine */ = {
			isa = PBXGroup;
			children = (
				19DA2C981D0A4E03008AF282 /* SaleDetailDataLineViewController.swift */,
			);
			name = SaleDetailDataLine;
			sourceTree = "<group>";
		};
		19FD13191C9A134800E5C445 = {
			isa = PBXGroup;
			children = (
				19F9B5331CB1DC3400571B9D /* libsqlite3.tbd */,
				19FD13241C9A134800E5C445 /* Q6IosClient */,
				19FD13231C9A134800E5C445 /* Products */,
				19F9B5591CB1DF0700571B9D /* FMDB.h */,
				19F9B55A1CB1DF0700571B9D /* FMDatabase.h */,
				19F9B55B1CB1DF0700571B9D /* FMDatabase.m */,
				19F9B55C1CB1DF0700571B9D /* FMResultSet.h */,
				19F9B55D1CB1DF0700571B9D /* FMResultSet.m */,
				19F9B55E1CB1DF0700571B9D /* FMDatabaseQueue.h */,
				19F9B55F1CB1DF0700571B9D /* FMDatabaseQueue.m */,
				19F9B5601CB1DF0700571B9D /* FMDatabaseAdditions.h */,
				19F9B5611CB1DF0700571B9D /* FMDatabaseAdditions.m */,
				19F9B5621CB1DF0700571B9D /* FMDatabasePool.h */,
				19F9B5631CB1DF0700571B9D /* FMDatabasePool.m */,
				19F9B5641CB1DF0700571B9D /* Info.plist */,
			);
			sourceTree = "<group>";
		};
		19FD13231C9A134800E5C445 /* Products */ = {
			isa = PBXGroup;
			children = (
				19FD13221C9A134800E5C445 /* Q6IosClient.app */,
			);
			name = Products;
			sourceTree = "<group>";
		};
		19FD13241C9A134800E5C445 /* Q6IosClient */ = {
			isa = PBXGroup;
			children = (
				19FD133C1C9A4CDE00E5C445 /* Model */,
				19FD13391C9A184400E5C445 /* Common */,
				19B87D551CDAFE220048AAFB /* Purchases */,
				19FD13251C9A134800E5C445 /* AppDelegate.swift */,
				19DDD7B11CB7701900FC32A5 /* Main.storyboard */,
				19D009E61D07D88300217C6A /* Sales.storyboard */,
				19D009E11D07D21800217C6A /* Sales */,
				195AD4A71CB35DAF002F2DD7 /* TabBarViewController.swift */,
				19F9B5731CB21D7600571B9D /* PassCodeViewController.swift */,
				199F0CD21CA0BE0C00301EC4 /* LoginViewController.swift */,
				19FD132E1C9A134800E5C445 /* Assets.xcassets */,
				19FD13301C9A134800E5C445 /* LaunchScreen.storyboard */,
				19FD13331C9A134800E5C445 /* Info.plist */,
			);
			path = Q6IosClient;
			sourceTree = "<group>";
		};
		19FD13391C9A184400E5C445 /* Common */ = {
			isa = PBXGroup;
			children = (
				19FD133A1C9A186300E5C445 /* Q6CommonLib.swift */,
				19691E8E1C9F8AE200E009A7 /* Q6Protocol.swift */,
				197398171CA1004D0079332D /* Q6IosClient-Bridging-Header.h */,
				19F9B56B1CB1E08500571B9D /* Q6DBLib.swift */,
				19F9B5751CB227FF00571B9D /* Q6Extension.swift */,
				19DF32A71CD96AB800730FC5 /* ScreenSortLinesDetail.swift */,
				19DF32A91CD9806000730FC5 /* PickerViewViewController.swift */,
				19DF32AB1CD9B32B00730FC5 /* SegueFromRight.swift */,
				19B87D581CDB02120048AAFB /* ContactSearchViewController.swift */,
				19B87D5A1CDB0C3A0048AAFB /* ContactSearchTableViewCell.swift */,
				19D2CA3E1CE16D6800A8AAE0 /* DatePickerViewController.swift */,
				19DE52DC1CEC2C0B0050A62D /* ScreenSectionSortDetailForAccount.swift */,
				19A9B7841CF6B75D00071958 /* Q6Struct.swift */,
				197D2ACE1CFE9BB800E03BEB /* JSON.swift */,
			);
			name = Common;
			sourceTree = "<group>";
		};
		19FD133C1C9A4CDE00E5C445 /* Model */ = {
			isa = PBXGroup;
			children = (
				19C4E00D1D08DCD2005B216C /* Sales */,
				19C4E00C1D08DC95005B216C /* Purchases */,
				19FD133D1C9A4D0A00E5C445 /* InternalUserLoginParameter.swift */,
				19C9083F1CE3FBD800A828A3 /* PreLoadInventoryPurchase.swift */,
				19C908451CE443A400A828A3 /* InventoryView.swift */,
				19C908471CE44E0900A828A3 /* AccountView.swift */,
				190EBFA11CE5550A00B26E00 /* TaxCodeView.swift */,
				19A9B7821CF6B1CC00071958 /* ShippingAddress.swift */,
			);
			name = Model;
			sourceTree = "<group>";
		};
/* End PBXGroup section */

/* Begin PBXNativeTarget section */
		19FD13211C9A134800E5C445 /* Q6IosClient */ = {
			isa = PBXNativeTarget;
			buildConfigurationList = 19FD13361C9A134800E5C445 /* Build configuration list for PBXNativeTarget "Q6IosClient" */;
			buildPhases = (
				19FD131E1C9A134800E5C445 /* Sources */,
				19FD131F1C9A134800E5C445 /* Frameworks */,
				19FD13201C9A134800E5C445 /* Resources */,
			);
			buildRules = (
			);
			dependencies = (
			);
			name = Q6IosClient;
			productName = Q6IosClient;
			productReference = 19FD13221C9A134800E5C445 /* Q6IosClient.app */;
			productType = "com.apple.product-type.application";
		};
/* End PBXNativeTarget section */

/* Begin PBXProject section */
		19FD131A1C9A134800E5C445 /* Project object */ = {
			isa = PBXProject;
			attributes = {
				LastSwiftUpdateCheck = 0730;
				LastUpgradeCheck = 0720;
				ORGANIZATIONNAME = q6;
				TargetAttributes = {
					19FD13211C9A134800E5C445 = {
						CreatedOnToolsVersion = 7.2;
						DevelopmentTeam = T7SSJ7K252;
					};
				};
			};
			buildConfigurationList = 19FD131D1C9A134800E5C445 /* Build configuration list for PBXProject "Q6IosClient" */;
			compatibilityVersion = "Xcode 3.2";
			developmentRegion = English;
			hasScannedForEncodings = 0;
			knownRegions = (
				en,
				Base,
			);
			mainGroup = 19FD13191C9A134800E5C445;
			productRefGroup = 19FD13231C9A134800E5C445 /* Products */;
			projectDirPath = "";
			projectRoot = "";
			targets = (
				19FD13211C9A134800E5C445 /* Q6IosClient */,
			);
		};
/* End PBXProject section */

/* Begin PBXResourcesBuildPhase section */
		19FD13201C9A134800E5C445 /* Resources */ = {
			isa = PBXResourcesBuildPhase;
			buildActionMask = 2147483647;
			files = (
				19F9B56A1CB1DF0700571B9D /* Info.plist in Resources */,
				19FD13321C9A134800E5C445 /* LaunchScreen.storyboard in Resources */,
				19DDD7B31CB7701900FC32A5 /* Main.storyboard in Resources */,
				19FD132F1C9A134800E5C445 /* Assets.xcassets in Resources */,
				19D009E81D07D88300217C6A /* Sales.storyboard in Resources */,
			);
			runOnlyForDeploymentPostprocessing = 0;
		};
/* End PBXResourcesBuildPhase section */

/* Begin PBXSourcesBuildPhase section */
		19FD131E1C9A134800E5C445 /* Sources */ = {
			isa = PBXSourcesBuildPhase;
			buildActionMask = 2147483647;
			files = (
				19C4FC8F1CD86BD4004A1449 /* PurchaseDetailTableViewCell.swift in Sources */,
				19B87D571CDAFF580048AAFB /* Supplier.swift in Sources */,
				19DE52DB1CEC21170050A62D /* PurchaseDetailDataLineAccountSearchViewController.swift in Sources */,
				19A9B7851CF6B75D00071958 /* Q6Struct.swift in Sources */,
				19DF32AC1CD9B32B00730FC5 /* SegueFromRight.swift in Sources */,
				19BD3B9A1CE93B9500245B85 /* PurchaseDetailDataLineDescriptionViewController.swift in Sources */,
				19C908421CE4014A00A828A3 /* PurchaseDetailDataLineInventorySearchViewController.swift in Sources */,
				195AD4A81CB35DAF002F2DD7 /* TabBarViewController.swift in Sources */,
				198BD7DB1CC9F58700C81C22 /* PurchasesTransactionsListView.swift in Sources */,
				19DE52DD1CEC2C0B0050A62D /* ScreenSectionSortDetailForAccount.swift in Sources */,
				19A9B7831CF6B1CC00071958 /* ShippingAddress.swift in Sources */,
				19DA2C9D1D0A4FF0008AF282 /* SaleDetailMemoViewController.swift in Sources */,
				19D009E31D07D29300217C6A /* SalesViewController.swift in Sources */,
				199F0CD31CA0BE0C00301EC4 /* LoginViewController.swift in Sources */,
				19C9083E1CE3F6E300A828A3 /* PurchasesTransactionsDetailView.swift in Sources */,
				19F9B5691CB1DF0700571B9D /* FMDatabasePool.m in Sources */,
				19DA2C8C1D0A2D5C008AF282 /* SaleDetailViewController.swift in Sources */,
				19AC96101CEA909B00A9216E /* PurchaseDetailDataLineTaxCodeSearchViewController.swift in Sources */,
				1918D0471CFFDAC600168AA6 /* PurchasesTransactionsHeaderView.swift in Sources */,
				197D2ACF1CFE9BB800E03BEB /* JSON.swift in Sources */,
				195AD4AA1CB35DE4002F2DD7 /* PurchaseViewController.swift in Sources */,
				19DF1C401CE2AA2400908A32 /* PurchaseDetailDataLineTableViewCell.swift in Sources */,
				19C908461CE443A400A828A3 /* InventoryView.swift in Sources */,
				198BD7B51CC9AEAE00C81C22 /* PurchaseTableViewCell.swift in Sources */,
				19DA2C941D0A3635008AF282 /* SalesTransactionsDetailView.swift in Sources */,
				19DF1C411CE2AE2300908A32 /* PurchaseDetailViewController.swift in Sources */,
				19BB92F31CF538DA00633CCD /* AddImageViewController.swift in Sources */,
				190EBFA21CE5550A00B26E00 /* TaxCodeView.swift in Sources */,
				19B87D5B1CDB0C3A0048AAFB /* ContactSearchTableViewCell.swift in Sources */,
				19DF32AA1CD9806000730FC5 /* PickerViewViewController.swift in Sources */,
				19D0C64A1CD7230E0055093C /* PurchasesTransactionsHeader.swift in Sources */,
				19F9B5741CB21D7600571B9D /* PassCodeViewController.swift in Sources */,
				19FD133B1C9A186300E5C445 /* Q6CommonLib.swift in Sources */,
				19C4E00F1D08ED2D005B216C /* SalesTransactionsListView.swift in Sources */,
				19691E8F1C9F8AE200E009A7 /* Q6Protocol.swift in Sources */,
				19D2CA3F1CE16D6800A8AAE0 /* DatePickerViewController.swift in Sources */,
				19DA2C9B1D0A4E94008AF282 /* SalesTransactionsHeaderView.swift in Sources */,
				19FD133E1C9A4D0A00E5C445 /* InternalUserLoginParameter.swift in Sources */,
				19C4E0111D08FD73005B216C /* SaleTableViewCell.swift in Sources */,
				19DF1C3E1CE2A7C400908A32 /* PurchaseDetailDataLineViewController.swift in Sources */,
				19C908481CE44E0900A828A3 /* AccountView.swift in Sources */,
				19F9B5671CB1DF0700571B9D /* FMDatabaseQueue.m in Sources */,
				19F9B5681CB1DF0700571B9D /* FMDatabaseAdditions.m in Sources */,
				19DA2C991D0A4E03008AF282 /* SaleDetailDataLineViewController.swift in Sources */,
				19B2B33D1CF7C83000BF53A9 /* PurchaseDetailMemoViewController.swift in Sources */,
				19F9B5661CB1DF0700571B9D /* FMResultSet.m in Sources */,
				19C908401CE3FBD800A828A3 /* PreLoadInventoryPurchase.swift in Sources */,
				19DA2C921D0A32B5008AF282 /* Customer.swift in Sources */,
				19B87D591CDB02120048AAFB /* ContactSearchViewController.swift in Sources */,
				19F9B56C1CB1E08500571B9D /* Q6DBLib.swift in Sources */,
				19AC96121CEA90C400A9216E /* PurchaseDetailDataLineTaxCodeSearchTableViewCell.swift in Sources */,
				19AD97271CED549B0079DF52 /* PurchaseDetailDataLineAccountSearchTableViewCell.swift in Sources */,
				19FD13261C9A134800E5C445 /* AppDelegate.swift in Sources */,
				19F9B5761CB227FF00571B9D /* Q6Extension.swift in Sources */,
				19DA2C961D0A37E2008AF282 /* SaleDetailTableViewCell.swift in Sources */,
				19D0C64C1CD7256A0055093C /* PurchasesTransactionsDetail.swift in Sources */,
				19DA2C901D0A31A0008AF282 /* SalesTransactionDetail.swift in Sources */,
				19DF32A81CD96AB800730FC5 /* ScreenSortLinesDetail.swift in Sources */,
				19F9B5651CB1DF0700571B9D /* FMDatabase.m in Sources */,
				19DA2C8E1D0A2F85008AF282 /* SalesTransactionsHeader.swift in Sources */,
				19A9B7811CF688FA00071958 /* PurchaseDetailDataLineInventorySearchTableViewCell.swift in Sources */,
			);
			runOnlyForDeploymentPostprocessing = 0;
		};
/* End PBXSourcesBuildPhase section */

/* Begin PBXVariantGroup section */
		19D009E61D07D88300217C6A /* Sales.storyboard */ = {
			isa = PBXVariantGroup;
			children = (
				19D009E71D07D88300217C6A /* Base */,
			);
			name = Sales.storyboard;
			sourceTree = "<group>";
		};
		19DDD7B11CB7701900FC32A5 /* Main.storyboard */ = {
			isa = PBXVariantGroup;
			children = (
				19DDD7B21CB7701900FC32A5 /* Base */,
			);
			name = Main.storyboard;
			sourceTree = "<group>";
		};
		19FD13301C9A134800E5C445 /* LaunchScreen.storyboard */ = {
			isa = PBXVariantGroup;
			children = (
				19FD13311C9A134800E5C445 /* Base */,
			);
			name = LaunchScreen.storyboard;
			sourceTree = "<group>";
		};
/* End PBXVariantGroup section */

/* Begin XCBuildConfiguration section */
		19FD13341C9A134800E5C445 /* Debug */ = {
			isa = XCBuildConfiguration;
			buildSettings = {
				ALWAYS_SEARCH_USER_PATHS = NO;
				CLANG_CXX_LANGUAGE_STANDARD = "gnu++0x";
				CLANG_CXX_LIBRARY = "libc++";
				CLANG_ENABLE_MODULES = YES;
				CLANG_ENABLE_OBJC_ARC = YES;
				CLANG_WARN_BOOL_CONVERSION = YES;
				CLANG_WARN_CONSTANT_CONVERSION = YES;
				CLANG_WARN_DIRECT_OBJC_ISA_USAGE = YES_ERROR;
				CLANG_WARN_EMPTY_BODY = YES;
				CLANG_WARN_ENUM_CONVERSION = YES;
				CLANG_WARN_INT_CONVERSION = YES;
				CLANG_WARN_OBJC_ROOT_CLASS = YES_ERROR;
				CLANG_WARN_UNREACHABLE_CODE = YES;
				CLANG_WARN__DUPLICATE_METHOD_MATCH = YES;
				"CODE_SIGN_IDENTITY[sdk=iphoneos*]" = "iPhone Developer";
				COPY_PHASE_STRIP = NO;
				DEBUG_INFORMATION_FORMAT = dwarf;
				ENABLE_STRICT_OBJC_MSGSEND = YES;
				ENABLE_TESTABILITY = YES;
				GCC_C_LANGUAGE_STANDARD = gnu99;
				GCC_DYNAMIC_NO_PIC = NO;
				GCC_NO_COMMON_BLOCKS = YES;
				GCC_OPTIMIZATION_LEVEL = 0;
				GCC_PREPROCESSOR_DEFINITIONS = (
					"DEBUG=1",
					"$(inherited)",
				);
				GCC_WARN_64_TO_32_BIT_CONVERSION = YES;
				GCC_WARN_ABOUT_RETURN_TYPE = YES_ERROR;
				GCC_WARN_UNDECLARED_SELECTOR = YES;
				GCC_WARN_UNINITIALIZED_AUTOS = YES_AGGRESSIVE;
				GCC_WARN_UNUSED_FUNCTION = YES;
				GCC_WARN_UNUSED_VARIABLE = YES;
				IPHONEOS_DEPLOYMENT_TARGET = 9.2;
				MTL_ENABLE_DEBUG_INFO = YES;
				ONLY_ACTIVE_ARCH = YES;
				SDKROOT = iphoneos;
				SWIFT_OPTIMIZATION_LEVEL = "-Onone";
				TARGETED_DEVICE_FAMILY = "1,2";
			};
			name = Debug;
		};
		19FD13351C9A134800E5C445 /* Release */ = {
			isa = XCBuildConfiguration;
			buildSettings = {
				ALWAYS_SEARCH_USER_PATHS = NO;
				CLANG_CXX_LANGUAGE_STANDARD = "gnu++0x";
				CLANG_CXX_LIBRARY = "libc++";
				CLANG_ENABLE_MODULES = YES;
				CLANG_ENABLE_OBJC_ARC = YES;
				CLANG_WARN_BOOL_CONVERSION = YES;
				CLANG_WARN_CONSTANT_CONVERSION = YES;
				CLANG_WARN_DIRECT_OBJC_ISA_USAGE = YES_ERROR;
				CLANG_WARN_EMPTY_BODY = YES;
				CLANG_WARN_ENUM_CONVERSION = YES;
				CLANG_WARN_INT_CONVERSION = YES;
				CLANG_WARN_OBJC_ROOT_CLASS = YES_ERROR;
				CLANG_WARN_UNREACHABLE_CODE = YES;
				CLANG_WARN__DUPLICATE_METHOD_MATCH = YES;
				"CODE_SIGN_IDENTITY[sdk=iphoneos*]" = "iPhone Developer";
				COPY_PHASE_STRIP = NO;
				DEBUG_INFORMATION_FORMAT = "dwarf-with-dsym";
				ENABLE_NS_ASSERTIONS = NO;
				ENABLE_STRICT_OBJC_MSGSEND = YES;
				GCC_C_LANGUAGE_STANDARD = gnu99;
				GCC_NO_COMMON_BLOCKS = YES;
				GCC_WARN_64_TO_32_BIT_CONVERSION = YES;
				GCC_WARN_ABOUT_RETURN_TYPE = YES_ERROR;
				GCC_WARN_UNDECLARED_SELECTOR = YES;
				GCC_WARN_UNINITIALIZED_AUTOS = YES_AGGRESSIVE;
				GCC_WARN_UNUSED_FUNCTION = YES;
				GCC_WARN_UNUSED_VARIABLE = YES;
				IPHONEOS_DEPLOYMENT_TARGET = 9.2;
				MTL_ENABLE_DEBUG_INFO = NO;
				SDKROOT = iphoneos;
				TARGETED_DEVICE_FAMILY = "1,2";
				VALIDATE_PRODUCT = YES;
			};
			name = Release;
		};
		19FD13371C9A134800E5C445 /* Debug */ = {
			isa = XCBuildConfiguration;
			buildSettings = {
				ASSETCATALOG_COMPILER_APPICON_NAME = AppIcon;
				CLANG_ENABLE_MODULES = YES;
				CODE_SIGN_IDENTITY = "iPhone Developer";
				"CODE_SIGN_IDENTITY[sdk=iphoneos*]" = "iPhone Developer";
				DEFINES_MODULE = NO;
				INFOPLIST_FILE = Q6IosClient/Info.plist;
				LD_RUNPATH_SEARCH_PATHS = "$(inherited) @executable_path/Frameworks";
				PRODUCT_BUNDLE_IDENTIFIER = au.com.q6.Q6IosClient;
				PRODUCT_NAME = "$(TARGET_NAME)";
				PROVISIONING_PROFILE = "";
				SWIFT_INCLUDE_PATHS = "";
				SWIFT_OBJC_BRIDGING_HEADER = "Q6IosClient/Q6IosClient-Bridging-Header.h";
				SWIFT_OPTIMIZATION_LEVEL = "-Onone";
			};
			name = Debug;
		};
		19FD13381C9A134800E5C445 /* Release */ = {
			isa = XCBuildConfiguration;
			buildSettings = {
				ASSETCATALOG_COMPILER_APPICON_NAME = AppIcon;
				CLANG_ENABLE_MODULES = YES;
				CODE_SIGN_IDENTITY = "iPhone Developer";
				"CODE_SIGN_IDENTITY[sdk=iphoneos*]" = "iPhone Developer";
				DEFINES_MODULE = NO;
				INFOPLIST_FILE = Q6IosClient/Info.plist;
				LD_RUNPATH_SEARCH_PATHS = "$(inherited) @executable_path/Frameworks";
				PRODUCT_BUNDLE_IDENTIFIER = au.com.q6.Q6IosClient;
				PRODUCT_NAME = "$(TARGET_NAME)";
				PROVISIONING_PROFILE = "";
				SWIFT_OBJC_BRIDGING_HEADER = "Q6IosClient/Q6IosClient-Bridging-Header.h";
			};
			name = Release;
		};
/* End XCBuildConfiguration section */

/* Begin XCConfigurationList section */
		19FD131D1C9A134800E5C445 /* Build configuration list for PBXProject "Q6IosClient" */ = {
			isa = XCConfigurationList;
			buildConfigurations = (
				19FD13341C9A134800E5C445 /* Debug */,
				19FD13351C9A134800E5C445 /* Release */,
			);
			defaultConfigurationIsVisible = 0;
			defaultConfigurationName = Release;
		};
		19FD13361C9A134800E5C445 /* Build configuration list for PBXNativeTarget "Q6IosClient" */ = {
			isa = XCConfigurationList;
			buildConfigurations = (
				19FD13371C9A134800E5C445 /* Debug */,
				19FD13381C9A134800E5C445 /* Release */,
			);
			defaultConfigurationIsVisible = 0;
			defaultConfigurationName = Release;
		};
/* End XCConfigurationList section */
	};
	rootObject = 19FD131A1C9A134800E5C445 /* Project object */;
}
